
Microsoft Visual Studio Solution File, Format Version 12.00
# Visual Studio Version 17
VisualStudioVersion = 17.14.36414.22 d17.14
MinimumVisualStudioVersion = 10.0.40219.1
Project("{FAE04EC0-301F-11D3-BF4B-00C04F79EFBC}") = "aspnet-back-end", "aspnet-back-end\aspnet-back-end.csproj", "{0868BF2C-BCB1-4A29-BB90-F116AB27FCA4}"
EndProject
Global
	GlobalSection(SolutionConfigurationPlatforms) = preSolution
		Debug|Any CPU = Debug|Any CPU
		Release|Any CPU = Release|Any CPU
	EndGlobalSection
	GlobalSection(ProjectConfigurationPlatforms) = postSolution
		{0868BF2C-BCB1-4A29-BB90-F116AB27FCA4}.Debug|Any CPU.ActiveCfg = Debug|Any CPU
		{0868BF2C-BCB1-4A29-BB90-F116AB27FCA4}.Debug|Any CPU.Build.0 = Debug|Any CPU
		{0868BF2C-BCB1-4A29-BB90-F116AB27FCA4}.Release|Any CPU.ActiveCfg = Release|Any CPU
		{0868BF2C-BCB1-4A29-BB90-F116AB27FCA4}.Release|Any CPU.Build.0 = Release|Any CPU
	EndGlobalSection
	GlobalSection(SolutionProperties) = preSolution
		HideSolutionNode = FALSE
	EndGlobalSection
	GlobalSection(ExtensibilityGlobals) = postSolution
		SolutionGuid = {0F137B05-B15D-43A0-9361-019FD8FF70D6}
	EndGlobalSection
EndGlobal
